<?xml version="1.0" encoding="utf-8"?>
<Project ToolsVersion="4.0" xmlns="http://schemas.microsoft.com/developer/msbuild/2003">
  <ItemGroup>
    <Filter Include="headers">
      <UniqueIdentifier>{76259fac-ab75-474d-863d-c54a8cfe97ef}</UniqueIdentifier>
    </Filter>
    <Filter Include="source">
      <UniqueIdentifier>{2260d6dc-c46b-41ef-8ca7-66cc56d98206}</UniqueIdentifier>
    </Filter>
  </ItemGroup>
  <ItemGroup>
    <ClCompile Include="ikStretch.cpp">
      <Filter>source</Filter>
    </ClCompile>
    <ClCompile Include="pluginMain.cpp">
      <Filter>source</Filter>
    </ClCompile>
  </ItemGroup>
  <ItemGroup>
    <ClInclude Include="ikStretch.h">
      <Filter>headers</Filter>
    </ClInclude>
  </ItemGroup>
</Project>